// !$*UTF8*$!
{
	archiveVersion = 1;
	classes = {
	};
	objectVersion = 50;
	objects = {

/* Begin PBXBuildFile section */
		D54BB8D522947D1700BDA52B /* AppDelegate.swift in Sources */ = {isa = PBXBuildFile; fileRef = D54BB8D422947D1700BDA52B /* AppDelegate.swift */; };
		D54BB8D722947D1700BDA52B /* ViewController.swift in Sources */ = {isa = PBXBuildFile; fileRef = D54BB8D622947D1700BDA52B /* ViewController.swift */; };
		D54BB8DA22947D1700BDA52B /* Main.storyboard in Resources */ = {isa = PBXBuildFile; fileRef = D54BB8D822947D1700BDA52B /* Main.storyboard */; };
		D54BB8DC22947D1800BDA52B /* Assets.xcassets in Resources */ = {isa = PBXBuildFile; fileRef = D54BB8DB22947D1800BDA52B /* Assets.xcassets */; };
		D54BB8DF22947D1800BDA52B /* LaunchScreen.storyboard in Resources */ = {isa = PBXBuildFile; fileRef = D54BB8DD22947D1800BDA52B /* LaunchScreen.storyboard */; };
		D54BB8E722947E7700BDA52B /* MagicalCreature.swift in Sources */ = {isa = PBXBuildFile; fileRef = D54BB8E622947E7700BDA52B /* MagicalCreature.swift */; };
		D54BB8E922948AA000BDA52B /* CreatureViewController.swift in Sources */ = {isa = PBXBuildFile; fileRef = D54BB8E822948AA000BDA52B /* CreatureViewController.swift */; };
/* End PBXBuildFile section */

/* Begin PBXFileReference section */
		D54BB8D122947D1700BDA52B /* MCMS.app */ = {isa = PBXFileReference; explicitFileType = wrapper.application; includeInIndex = 0; path = MCMS.app; sourceTree = BUILT_PRODUCTS_DIR; };
		D54BB8D422947D1700BDA52B /* AppDelegate.swift */ = {isa = PBXFileReference; lastKnownFileType = sourcecode.swift; path = AppDelegate.swift; sourceTree = "<group>"; };
		D54BB8D622947D1700BDA52B /* ViewController.swift */ = {isa = PBXFileReference; lastKnownFileType = sourcecode.swift; path = ViewController.swift; sourceTree = "<group>"; };
		D54BB8D922947D1700BDA52B /* Base */ = {isa = PBXFileReference; lastKnownFileType = file.storyboard; name = Base; path = Base.lproj/Main.storyboard; sourceTree = "<group>"; };
		D54BB8DB22947D1800BDA52B /* Assets.xcassets */ = {isa = PBXFileReference; lastKnownFileType = folder.assetcatalog; path = Assets.xcassets; sourceTree = "<group>"; };
		D54BB8DE22947D1800BDA52B /* Base */ = {isa = PBXFileReference; lastKnownFileType = file.storyboard; name = Base; path = Base.lproj/LaunchScreen.storyboard; sourceTree = "<group>"; };
		D54BB8E022947D1800BDA52B /* Info.plist */ = {isa = PBXFileReference; lastKnownFileType = text.plist.xml; path = Info.plist; sourceTree = "<group>"; };
		D54BB8E622947E7700BDA52B /* MagicalCreature.swift */ = {isa = PBXFileReference; lastKnownFileType = sourcecode.swift; path = MagicalCreature.swift; sourceTree = "<group>"; };
		D54BB8E822948AA000BDA52B /* CreatureViewController.swift */ = {isa = PBXFileReference; lastKnownFileType = sourcecode.swift; path = CreatureViewController.swift; sourceTree = "<group>"; };
/* End PBXFileReference section */

/* Begin PBXFrameworksBuildPhase section */
		D54BB8CE22947D1700BDA52B /* Frameworks */ = {
			isa = PBXFrameworksBuildPhase;
			buildActionMask = 2147483647;
			files = (
			);
			runOnlyForDeploymentPostprocessing = 0;
		};
/* End PBXFrameworksBuildPhase section */

/* Begin PBXGroup section */
		D54BB8C822947D1700BDA52B = {
			isa = PBXGroup;
			children = (
				D54BB8D322947D1700BDA52B /* MCMS */,
				D54BB8D222947D1700BDA52B /* Products */,
			);
			sourceTree = "<group>";
		};
		D54BB8D222947D1700BDA52B /* Products */ = {
			isa = PBXGroup;
			children = (
				D54BB8D122947D1700BDA52B /* MCMS.app */,
			);
			name = Products;
			sourceTree = "<group>";
		};
		D54BB8D322947D1700BDA52B /* MCMS */ = {
			isa = PBXGroup;
			children = (
				D54BB8D422947D1700BDA52B /* AppDelegate.swift */,
				D54BB8D622947D1700BDA52B /* ViewController.swift */,
				D54BB8D822947D1700BDA52B /* Main.storyboard */,
				D54BB8E822948AA000BDA52B /* CreatureViewController.swift */,
				D54BB8E622947E7700BDA52B /* MagicalCreature.swift */,
				D54BB8DB22947D1800BDA52B /* Assets.xcassets */,
				D54BB8DD22947D1800BDA52B /* LaunchScreen.storyboard */,
				D54BB8E022947D1800BDA52B /* Info.plist */,
			);
			path = MCMS;
			sourceTree = "<group>";
		};
/* End PBXGroup section */

/* Begin PBXNativeTarget section */
		D54BB8D022947D1700BDA52B /* MCMS */ = {
			isa = PBXNativeTarget;
			buildConfigurationList = D54BB8E322947D1800BDA52B /* Build configuration list for PBXNativeTarget "MCMS" */;
			buildPhases = (
				D54BB8CD22947D1700BDA52B /* Sources */,
				D54BB8CE22947D1700BDA52B /* Frameworks */,
				D54BB8CF22947D1700BDA52B /* Resources */,
			);
			buildRules = (
			);
			dependencies = (
			);
			name = MCMS;
			productName = MCMS;
			productReference = D54BB8D122947D1700BDA52B /* MCMS.app */;
			productType = "com.apple.product-type.application";
		};
/* End PBXNativeTarget section */

/* Begin PBXProject section */
		D54BB8C922947D1700BDA52B /* Project object */ = {
			isa = PBXProject;
			attributes = {
				LastSwiftUpdateCheck = 1020;
				LastUpgradeCheck = 1020;
				ORGANIZATIONNAME = "Keegan Brown";
				TargetAttributes = {
					D54BB8D022947D1700BDA52B = {
						CreatedOnToolsVersion = 10.2.1;
					};
				};
			};
			buildConfigurationList = D54BB8CC22947D1700BDA52B /* Build configuration list for PBXProject "MCMS" */;
			compatibilityVersion = "Xcode 9.3";
			developmentRegion = en;
			hasScannedForEncodings = 0;
			knownRegions = (
				en,
				Base,
			);
			mainGroup = D54BB8C822947D1700BDA52B;
			productRefGroup = D54BB8D222947D1700BDA52B /* Products */;
			projectDirPath = "";
			projectRoot = "";
			targets = (
				D54BB8D022947D1700BDA52B /* MCMS */,
			);
		};
/* End PBXProject section */

/* Begin PBXResourcesBuildPhase section */
		D54BB8CF22947D1700BDA52B /* Resources */ = {
			isa = PBXResourcesBuildPhase;
			buildActionMask = 2147483647;
			files = (
				D54BB8DF22947D1800BDA52B /* LaunchScreen.storyboard in Resources */,
				D54BB8DC22947D1800BDA52B /* Assets.xcassets in Resources */,
				D54BB8DA22947D1700BDA52B /* Main.storyboard in Resources */,
			);
			runOnlyForDeploymentPostprocessing = 0;
		};
/* End PBXResourcesBuildPhase section */

/* Begin PBXSourcesBuildPhase section */
		D54BB8CD22947D1700BDA52B /* Sources */ = {
			isa = PBXSourcesBuildPhase;
			buildActionMask = 2147483647;
			files = (
				D54BB8D722947D1700BDA52B /* ViewController.swift in Sources */,
				D54BB8E922948AA000BDA52B /* CreatureViewController.swift in Sources */,
				D54BB8D522947D1700BDA52B /* AppDelegate.swift in Sources */,
				D54BB8E722947E7700BDA52B /* MagicalCreature.swift in Sources */,
			);
			runOnlyForDeploymentPostprocessing = 0;
		};
/* End PBXSourcesBuildPhase section */

/* Begin PBXVariantGroup section */
		D54BB8D822947D1700BDA52B /* Main.storyboard */ = {
			isa = PBXVariantGroup;
			children = (
				D54BB8D922947D1700BDA52B /* Base */,
			);
			name = Main.storyboard;
			sourceTree = "<group>";
		};
		D54BB8DD22947D1800BDA52B /* LaunchScreen.storyboard */ = {
			isa = PBXVariantGroup;
			children = (
				D54BB8DE22947D1800BDA52B /* Base */,
			);
			name = LaunchScreen.storyboard;
			sourceTree = "<group>";
		};
/* End PBXVariantGroup section */

/* Begin XCBuildConfiguration section */
		D54BB8E122947D1800BDA52B /* Debug */ = {
			isa = XCBuildConfiguration;
			buildSettings = {
				ALWAYS_SEARCH_USER_PATHS = NO;
				CLANG_ANALYZER_NONNULL = YES;
				CLANG_ANALYZER_NUMBER_OBJECT_CONVERSION = YES_AGGRESSIVE;
				CLANG_CXX_LANGUAGE_STANDARD = "gnu++14";
				CLANG_CXX_LIBRARY = "libc++";
				CLANG_ENABLE_MODULES = YES;
				CLANG_ENABLE_OBJC_ARC = YES;
				CLANG_ENABLE_OBJC_WEAK = YES;
				CLANG_WARN_BLOCK_CAPTURE_AUTORELEASING = YES;
				CLANG_WARN_BOOL_CONVERSION = YES;
				CLANG_WARN_COMMA = YES;
				CLANG_WARN_CONSTANT_CONVERSION = YES;
				CLANG_WARN_DEPRECATED_OBJC_IMPLEMENTATIONS = YES;
				CLANG_WARN_DIRECT_OBJC_ISA_USAGE = YES_ERROR;
				CLANG_WARN_DOCUMENTATION_COMMENTS = YES;
				CLANG_WARN_EMPTY_BODY = YES;
				CLANG_WARN_ENUM_CONVERSION = YES;
				CLANG_WARN_INFINITE_RECURSION = YES;
				CLANG_WARN_INT_CONVERSION = YES;
				CLANG_WARN_NON_LITERAL_NULL_CONVERSION = YES;
				CLANG_WARN_OBJC_IMPLICIT_RETAIN_SELF = YES;
				CLANG_WARN_OBJC_LITERAL_CONVERSION = YES;
				CLANG_WARN_OBJC_ROOT_CLASS = YES_ERROR;
				CLANG_WARN_RANGE_LOOP_ANALYSIS = YES;
				CLANG_WARN_STRICT_PROTOTYPES = YES;
				CLANG_WARN_SUSPICIOUS_MOVE = YES;
				CLANG_WARN_UNGUARDED_AVAILABILITY = YES_AGGRESSIVE;
				CLANG_WARN_UNREACHABLE_CODE = YES;
				CLANG_WARN__DUPLICATE_METHOD_MATCH = YES;
				CODE_SIGN_IDENTITY = "iPhone Developer";
				COPY_PHASE_STRIP = NO;
				DEBUG_INFORMATION_FORMAT = dwarf;
				ENABLE_STRICT_OBJC_MSGSEND = YES;
				ENABLE_TESTABILITY = YES;
				GCC_C_LANGUAGE_STANDARD = gnu11;
				GCC_DYNAMIC_NO_PIC = NO;
				GCC_NO_COMMON_BLOCKS = YES;
				GCC_OPTIMIZATION_LEVEL = 0;
				GCC_PREPROCESSOR_DEFINITIONS = (
					"DEBUG=1",
					"$(inherited)",
				);
				GCC_WARN_64_TO_32_BIT_CONVERSION = YES;
				GCC_WARN_ABOUT_RETURN_TYPE = YES_ERROR;
				GCC_WARN_UNDECLARED_SELECTOR = YES;
				GCC_WARN_UNINITIALIZED_AUTOS = YES_AGGRESSIVE;
				GCC_WARN_UNUSED_FUNCTION = YES;
				GCC_WARN_UNUSED_VARIABLE = YES;
				IPHONEOS_DEPLOYMENT_TARGET = 12.2;
				MTL_ENABLE_DEBUG_INFO = INCLUDE_SOURCE;
				MTL_FAST_MATH = YES;
				ONLY_ACTIVE_ARCH = YES;
				SDKROOT = iphoneos;
				SWIFT_ACTIVE_COMPILATION_CONDITIONS = DEBUG;
				SWIFT_OPTIMIZATION_LEVEL = "-Onone";
			};
			name = Debug;
		};
		D54BB8E222947D1800BDA52B /* Release */ = {
			isa = XCBuildConfiguration;
			buildSettings = {
				ALWAYS_SEARCH_USER_PATHS = NO;
				CLANG_ANALYZER_NONNULL = YES;
				CLANG_ANALYZER_NUMBER_OBJECT_CONVERSION = YES_AGGRESSIVE;
				CLANG_CXX_LANGUAGE_STANDARD = "gnu++14";
				CLANG_CXX_LIBRARY = "libc++";
				CLANG_ENABLE_MODULES = YES;
				CLANG_ENABLE_OBJC_ARC = YES;
				CLANG_ENABLE_OBJC_WEAK = YES;
				CLANG_WARN_BLOCK_CAPTURE_AUTORELEASING = YES;
				CLANG_WARN_BOOL_CONVERSION = YES;
				CLANG_WARN_COMMA = YES;
				CLANG_WARN_CONSTANT_CONVERSION = YES;
				CLANG_WARN_DEPRECATED_OBJC_IMPLEMENTATIONS = YES;
				CLANG_WARN_DIRECT_OBJC_ISA_USAGE = YES_ERROR;
				CLANG_WARN_DOCUMENTATION_COMMENTS = YES;
				CLANG_WARN_EMPTY_BODY = YES;
				CLANG_WARN_ENUM_CONVERSION = YES;
				CLANG_WARN_INFINITE_RECURSION = YES;
				CLANG_WARN_INT_CONVERSION = YES;
				CLANG_WARN_NON_LITERAL_NULL_CONVERSION = YES;
				CLANG_WARN_OBJC_IMPLICIT_RETAIN_SELF = YES;
				CLANG_WARN_OBJC_LITERAL_CONVERSION = YES;
				CLANG_WARN_OBJC_ROOT_CLASS = YES_ERROR;
				CLANG_WARN_RANGE_LOOP_ANALYSIS = YES;
				CLANG_WARN_STRICT_PROTOTYPES = YES;
				CLANG_WARN_SUSPICIOUS_MOVE = YES;
				CLANG_WARN_UNGUARDED_AVAILABILITY = YES_AGGRESSIVE;
				CLANG_WARN_UNREACHABLE_CODE = YES;
				CLANG_WARN__DUPLICATE_METHOD_MATCH = YES;
				CODE_SIGN_IDENTITY = "iPhone Developer";
				COPY_PHASE_STRIP = NO;
				DEBUG_INFORMATION_FORMAT = "dwarf-with-dsym";
				ENABLE_NS_ASSERTIONS = NO;
				ENABLE_STRICT_OBJC_MSGSEND = YES;
				GCC_C_LANGUAGE_STANDARD = gnu11;
				GCC_NO_COMMON_BLOCKS = YES;
				GCC_WARN_64_TO_32_BIT_CONVERSION = YES;
				GCC_WARN_ABOUT_RETURN_TYPE = YES_ERROR;
				GCC_WARN_UNDECLARED_SELECTOR = YES;
				GCC_WARN_UNINITIALIZED_AUTOS = YES_AGGRESSIVE;
				GCC_WARN_UNUSED_FUNCTION = YES;
				GCC_WARN_UNUSED_VARIABLE = YES;
				IPHONEOS_DEPLOYMENT_TARGET = 12.2;
				MTL_ENABLE_DEBUG_INFO = NO;
				MTL_FAST_MATH = YES;
				SDKROOT = iphoneos;
				SWIFT_COMPILATION_MODE = wholemodule;
				SWIFT_OPTIMIZATION_LEVEL = "-O";
				VALIDATE_PRODUCT = YES;
			};
			name = Release;
		};
		D54BB8E422947D1800BDA52B /* Debug */ = {
			isa = XCBuildConfiguration;
			buildSettings = {
				ASSETCATALOG_COMPILER_APPICON_NAME = AppIcon;
				CODE_SIGN_STYLE = Automatic;
				DEVELOPMENT_TEAM = AQM9F67FCR;
				INFOPLIST_FILE = MCMS/Info.plist;
				LD_RUNPATH_SEARCH_PATHS = (
					"$(inherited)",
					"@executable_path/Frameworks",
				);
				PRODUCT_BUNDLE_IDENTIFIER = AppJam.MCMS;
				PRODUCT_NAME = "$(TARGET_NAME)";
				SWIFT_VERSION = 5.0;
				TARGETED_DEVICE_FAMILY = "1,2";
			};
			name = Debug;
		};
		D54BB8E522947D1800BDA52B /* Release */ = {
			isa = XCBuildConfiguration;
			buildSettings = {
				ASSETCATALOG_COMPILER_APPICON_NAME = AppIcon;
				CODE_SIGN_STYLE = Automatic;
				DEVELOPMENT_TEAM = AQM9F67FCR;
				INFOPLIST_FILE = MCMS/Info.plist;
				LD_RUNPATH_SEARCH_PATHS = (
					"$(inherited)",
					"@executable_path/Frameworks",
				);
				PRODUCT_BUNDLE_IDENTIFIER = AppJam.MCMS;
				PRODUCT_NAME = "$(TARGET_NAME)";
				SWIFT_VERSION = 5.0;
				TARGETED_DEVICE_FAMILY = "1,2";
			};
			name = Release;
		};
/* End XCBuildConfiguration section */

/* Begin XCConfigurationList section */
		D54BB8CC22947D1700BDA52B /* Build configuration list for PBXProject "MCMS" */ = {
			isa = XCConfigurationList;
			buildConfigurations = (
				D54BB8E122947D1800BDA52B /* Debug */,
				D54BB8E222947D1800BDA52B /* Release */,
			);
			defaultConfigurationIsVisible = 0;
			defaultConfigurationName = Release;
		};
		D54BB8E322947D1800BDA52B /* Build configuration list for PBXNativeTarget "MCMS" */ = {
			isa = XCConfigurationList;
			buildConfigurations = (
				D54BB8E422947D1800BDA52B /* Debug */,
				D54BB8E522947D1800BDA52B /* Release */,
			);
			defaultConfigurationIsVisible = 0;
			defaultConfigurationName = Release;
		};
/* End XCConfigurationList section */
	};
	rootObject = D54BB8C922947D1700BDA52B /* Project object */;
}
